
Microsoft Visual Studio Solution File, Format Version 12.00
# Visual Studio Version 17
VisualStudioVersion = 17.14.36518.9
MinimumVisualStudioVersion = 10.0.40219.1
Project("{FAE04EC0-301F-11D3-BF4B-00C04F79EFBC}") = "TexViewer", "TexViewer\TexViewer.csproj", "{36FCCE8D-C4AF-41AA-9E01-FCD4A8C336A7}"
	ProjectSection(ProjectDependencies) = postProject
		{0D15D0FB-2519-4BC9-8D9C-21AF2D0B9BF8} = {0D15D0FB-2519-4BC9-8D9C-21AF2D0B9BF8}
		{13711E46-766A-4E68-838E-6834FC5FEB27} = {13711E46-766A-4E68-838E-6834FC5FEB27}
		{19BB1F20-7C02-4973-841A-30FF7A50861C} = {19BB1F20-7C02-4973-841A-30FF7A50861C}
		{271DC246-A35D-42D6-8594-4588B54F8852} = {271DC246-A35D-42D6-8594-4588B54F8852}
		{2FF42CE3-5C62-4973-967B-322C14A53F72} = {2FF42CE3-5C62-4973-967B-322C14A53F72}
		{6019F4A1-A799-476C-9814-7DBDD1E51BB1} = {6019F4A1-A799-476C-9814-7DBDD1E51BB1}
		{8BBCF350-DE0A-4804-9296-0465AF443903} = {8BBCF350-DE0A-4804-9296-0465AF443903}
		{AE762EC3-458A-4D43-A0FB-78E7A00C104D} = {AE762EC3-458A-4D43-A0FB-78E7A00C104D}
		{B5A5CB45-F26C-4BE0-ACFB-2FE6D8B8C35D} = {B5A5CB45-F26C-4BE0-ACFB-2FE6D8B8C35D}
		{BC7F0A51-7AF9-4317-977D-52256B06EE4B} = {BC7F0A51-7AF9-4317-977D-52256B06EE4B}
		{CD012A3B-9E11-4844-886F-B5236F45D34C} = {CD012A3B-9E11-4844-886F-B5236F45D34C}
		{F02A72CD-1035-467C-A379-C52212E2C538} = {F02A72CD-1035-467C-A379-C52212E2C538}
		{F0D1E1B8-F016-462C-943F-14FBAF92BB5D} = {F0D1E1B8-F016-462C-943F-14FBAF92BB5D}
	EndProjectSection
EndProject
Project("{2150E333-8FDC-42A3-9474-1A3956D46DE8}") = "Plugins", "Plugins", "{DDB4EF12-CC4E-5E88-E6FC-71A802F4DE97}"
EndProject
Project("{FAE04EC0-301F-11D3-BF4B-00C04F79EFBC}") = "ASTCLoader", "Plugins\ASTCLoader\ASTCLoader.csproj", "{BC7F0A51-7AF9-4317-977D-52256B06EE4B}"
	ProjectSection(ProjectDependencies) = postProject
		{0D15D0FB-2519-4BC9-8D9C-21AF2D0B9BF8} = {0D15D0FB-2519-4BC9-8D9C-21AF2D0B9BF8}
		{A47AC943-F488-4E56-9AE7-A48C10D30FF5} = {A47AC943-F488-4E56-9AE7-A48C10D30FF5}
	EndProjectSection
EndProject
Project("{8BC9CEB8-8B4A-11D0-8D11-00A0C91BC942}") = "ASTCLoaderLib", "Plugins\ASTCLoaderLib\ASTCLoaderLib.vcxproj", "{A47AC943-F488-4E56-9AE7-A48C10D30FF5}"
EndProject
Project("{FAE04EC0-301F-11D3-BF4B-00C04F79EFBC}") = "TexViewerPluginBase", "Plugins\TexViewerPluginBase\TexViewerPluginBase.csproj", "{0D15D0FB-2519-4BC9-8D9C-21AF2D0B9BF8}"
EndProject
Project("{FAE04EC0-301F-11D3-BF4B-00C04F79EFBC}") = "AVIFLoader", "Plugins\AVIFLoader\AVIFLoader.csproj", "{AE762EC3-458A-4D43-A0FB-78E7A00C104D}"
	ProjectSection(ProjectDependencies) = postProject
		{0D15D0FB-2519-4BC9-8D9C-21AF2D0B9BF8} = {0D15D0FB-2519-4BC9-8D9C-21AF2D0B9BF8}
		{3985CF1F-4229-44DF-A382-D18872EC4E36} = {3985CF1F-4229-44DF-A382-D18872EC4E36}
	EndProjectSection
EndProject
Project("{FAE04EC0-301F-11D3-BF4B-00C04F79EFBC}") = "BasisLoader", "Plugins\BasisLoader\BasisLoader.csproj", "{19BB1F20-7C02-4973-841A-30FF7A50861C}"
	ProjectSection(ProjectDependencies) = postProject
		{0D15D0FB-2519-4BC9-8D9C-21AF2D0B9BF8} = {0D15D0FB-2519-4BC9-8D9C-21AF2D0B9BF8}
		{6A8A5960-DC0F-431F-B452-C77457F6E615} = {6A8A5960-DC0F-431F-B452-C77457F6E615}
	EndProjectSection
EndProject
Project("{FAE04EC0-301F-11D3-BF4B-00C04F79EFBC}") = "Compressonator", "Plugins\Compressonator\Compressonator.csproj", "{6019F4A1-A799-476C-9814-7DBDD1E51BB1}"
	ProjectSection(ProjectDependencies) = postProject
		{0D15D0FB-2519-4BC9-8D9C-21AF2D0B9BF8} = {0D15D0FB-2519-4BC9-8D9C-21AF2D0B9BF8}
		{EF6F9D19-06CE-4763-B083-84227DC36407} = {EF6F9D19-06CE-4763-B083-84227DC36407}
	EndProjectSection
EndProject
Project("{FAE04EC0-301F-11D3-BF4B-00C04F79EFBC}") = "DirectXTexLoader", "Plugins\DirectXTexLoader\DirectXTexLoader.csproj", "{F0D1E1B8-F016-462C-943F-14FBAF92BB5D}"
	ProjectSection(ProjectDependencies) = postProject
		{0D15D0FB-2519-4BC9-8D9C-21AF2D0B9BF8} = {0D15D0FB-2519-4BC9-8D9C-21AF2D0B9BF8}
		{55937D1B-4641-4CA2-9398-52865CB2E3B4} = {55937D1B-4641-4CA2-9398-52865CB2E3B4}
	EndProjectSection
EndProject
Project("{FAE04EC0-301F-11D3-BF4B-00C04F79EFBC}") = "ETCPACKLoader", "Plugins\ETCPACKLoader\ETCPACKLoader.csproj", "{2FF42CE3-5C62-4973-967B-322C14A53F72}"
	ProjectSection(ProjectDependencies) = postProject
		{06EFCAFA-AE66-473A-ADFF-24EB37C5B466} = {06EFCAFA-AE66-473A-ADFF-24EB37C5B466}
		{0D15D0FB-2519-4BC9-8D9C-21AF2D0B9BF8} = {0D15D0FB-2519-4BC9-8D9C-21AF2D0B9BF8}
	EndProjectSection
EndProject
Project("{FAE04EC0-301F-11D3-BF4B-00C04F79EFBC}") = "PNGLoader", "Plugins\PNGLoader\PNGLoader.csproj", "{B5A5CB45-F26C-4BE0-ACFB-2FE6D8B8C35D}"
	ProjectSection(ProjectDependencies) = postProject
		{0D15D0FB-2519-4BC9-8D9C-21AF2D0B9BF8} = {0D15D0FB-2519-4BC9-8D9C-21AF2D0B9BF8}
		{170059C9-FBA2-457D-875B-DD2CF49190B4} = {170059C9-FBA2-457D-875B-DD2CF49190B4}
	EndProjectSection
EndProject
Project("{FAE04EC0-301F-11D3-BF4B-00C04F79EFBC}") = "PVRLoader", "Plugins\PVRLoader\PVRLoader.csproj", "{CD012A3B-9E11-4844-886F-B5236F45D34C}"
	ProjectSection(ProjectDependencies) = postProject
		{0D15D0FB-2519-4BC9-8D9C-21AF2D0B9BF8} = {0D15D0FB-2519-4BC9-8D9C-21AF2D0B9BF8}
		{48DF89C1-08D1-4D58-BFAD-CD507FDC728C} = {48DF89C1-08D1-4D58-BFAD-CD507FDC728C}
	EndProjectSection
EndProject
Project("{FAE04EC0-301F-11D3-BF4B-00C04F79EFBC}") = "RGBArrayLoader", "Plugins\RGBArrayLoader\RGBArrayLoader.csproj", "{13711E46-766A-4E68-838E-6834FC5FEB27}"
	ProjectSection(ProjectDependencies) = postProject
		{0D15D0FB-2519-4BC9-8D9C-21AF2D0B9BF8} = {0D15D0FB-2519-4BC9-8D9C-21AF2D0B9BF8}
	EndProjectSection
EndProject
Project("{FAE04EC0-301F-11D3-BF4B-00C04F79EFBC}") = "UltraHDRLoader", "Plugins\UltraHDRLoader\UltraHDRLoader.csproj", "{271DC246-A35D-42D6-8594-4588B54F8852}"
	ProjectSection(ProjectDependencies) = postProject
		{0D15D0FB-2519-4BC9-8D9C-21AF2D0B9BF8} = {0D15D0FB-2519-4BC9-8D9C-21AF2D0B9BF8}
		{284FCF64-3BC9-473A-953A-CEFF1F555E0D} = {284FCF64-3BC9-473A-953A-CEFF1F555E0D}
	EndProjectSection
EndProject
Project("{FAE04EC0-301F-11D3-BF4B-00C04F79EFBC}") = "WICLoader", "Plugins\WICLoader\WICLoader.csproj", "{8BBCF350-DE0A-4804-9296-0465AF443903}"
	ProjectSection(ProjectDependencies) = postProject
		{0D15D0FB-2519-4BC9-8D9C-21AF2D0B9BF8} = {0D15D0FB-2519-4BC9-8D9C-21AF2D0B9BF8}
		{295D58ED-08DF-4383-9349-0F11106F8C3B} = {295D58ED-08DF-4383-9349-0F11106F8C3B}
	EndProjectSection
EndProject
Project("{8BC9CEB8-8B4A-11D0-8D11-00A0C91BC942}") = "AVIFLoaderLib", "Plugins\AVIFLoaderLib\AVIFLoaderLib.vcxproj", "{3985CF1F-4229-44DF-A382-D18872EC4E36}"
EndProject
Project("{8BC9CEB8-8B4A-11D0-8D11-00A0C91BC942}") = "BasisLoaderLib", "Plugins\BasisLoaderLib\BasisLoaderLib.vcxproj", "{6A8A5960-DC0F-431F-B452-C77457F6E615}"
EndProject
Project("{8BC9CEB8-8B4A-11D0-8D11-00A0C91BC942}") = "CompressonatorLib", "Plugins\CompressonatorLib\CompressonatorLib.vcxproj", "{EF6F9D19-06CE-4763-B083-84227DC36407}"
EndProject
Project("{8BC9CEB8-8B4A-11D0-8D11-00A0C91BC942}") = "DirectXTexLoaderLib", "Plugins\DirectXTexLoaderLib\DirectXTexLoaderLib.vcxproj", "{55937D1B-4641-4CA2-9398-52865CB2E3B4}"
EndProject
Project("{8BC9CEB8-8B4A-11D0-8D11-00A0C91BC942}") = "ETCPACKLoaderLib", "Plugins\ETCPACKLoaderLib\ETCPACKLoaderLib.vcxproj", "{06EFCAFA-AE66-473A-ADFF-24EB37C5B466}"
EndProject
Project("{8BC9CEB8-8B4A-11D0-8D11-00A0C91BC942}") = "PNGLoaderLib", "Plugins\PNGLoaderLib\PNGLoaderLib.vcxproj", "{170059C9-FBA2-457D-875B-DD2CF49190B4}"
EndProject
Project("{8BC9CEB8-8B4A-11D0-8D11-00A0C91BC942}") = "PVRLoaderLib", "Plugins\PVRLoaderLib\PVRLoaderLib.vcxproj", "{48DF89C1-08D1-4D58-BFAD-CD507FDC728C}"
EndProject
Project("{8BC9CEB8-8B4A-11D0-8D11-00A0C91BC942}") = "UltraHDRLoaderLib", "Plugins\UltraHDRLoaderLib\UltraHDRLoaderLib.vcxproj", "{284FCF64-3BC9-473A-953A-CEFF1F555E0D}"
EndProject
Project("{8BC9CEB8-8B4A-11D0-8D11-00A0C91BC942}") = "WICLoaderLib", "Plugins\WICLoaderLib\WICLoaderLib.vcxproj", "{295D58ED-08DF-4383-9349-0F11106F8C3B}"
EndProject
Project("{8BC9CEB8-8B4A-11D0-8D11-00A0C91BC942}") = "ShaderBuildProject", "ShaderBuildProject\ShaderBuildProject.vcxproj", "{F02A72CD-1035-467C-A379-C52212E2C538}"
EndProject
Global
	GlobalSection(SolutionConfigurationPlatforms) = preSolution
		Debug|x64 = Debug|x64
		Debug|x86 = Debug|x86
		Release|x64 = Release|x64
		Release|x86 = Release|x86
	EndGlobalSection
	GlobalSection(ProjectConfigurationPlatforms) = postSolution
		{36FCCE8D-C4AF-41AA-9E01-FCD4A8C336A7}.Debug|x64.ActiveCfg = Debug|x64
		{36FCCE8D-C4AF-41AA-9E01-FCD4A8C336A7}.Debug|x64.Build.0 = Debug|x64
		{36FCCE8D-C4AF-41AA-9E01-FCD4A8C336A7}.Debug|x64.Deploy.0 = Debug|x64
		{36FCCE8D-C4AF-41AA-9E01-FCD4A8C336A7}.Debug|x86.ActiveCfg = Debug|x86
		{36FCCE8D-C4AF-41AA-9E01-FCD4A8C336A7}.Debug|x86.Build.0 = Debug|x86
		{36FCCE8D-C4AF-41AA-9E01-FCD4A8C336A7}.Debug|x86.Deploy.0 = Debug|x86
		{36FCCE8D-C4AF-41AA-9E01-FCD4A8C336A7}.Release|x64.ActiveCfg = Release|x64
		{36FCCE8D-C4AF-41AA-9E01-FCD4A8C336A7}.Release|x64.Build.0 = Release|x64
		{36FCCE8D-C4AF-41AA-9E01-FCD4A8C336A7}.Release|x64.Deploy.0 = Release|x64
		{36FCCE8D-C4AF-41AA-9E01-FCD4A8C336A7}.Release|x86.ActiveCfg = Release|x86
		{36FCCE8D-C4AF-41AA-9E01-FCD4A8C336A7}.Release|x86.Build.0 = Release|x86
		{36FCCE8D-C4AF-41AA-9E01-FCD4A8C336A7}.Release|x86.Deploy.0 = Release|x86
		{BC7F0A51-7AF9-4317-977D-52256B06EE4B}.Debug|x64.ActiveCfg = Debug|Any CPU
		{BC7F0A51-7AF9-4317-977D-52256B06EE4B}.Debug|x64.Build.0 = Debug|Any CPU
		{BC7F0A51-7AF9-4317-977D-52256B06EE4B}.Debug|x86.ActiveCfg = Debug|Any CPU
		{BC7F0A51-7AF9-4317-977D-52256B06EE4B}.Debug|x86.Build.0 = Debug|Any CPU
		{BC7F0A51-7AF9-4317-977D-52256B06EE4B}.Release|x64.ActiveCfg = Release|Any CPU
		{BC7F0A51-7AF9-4317-977D-52256B06EE4B}.Release|x64.Build.0 = Release|Any CPU
		{BC7F0A51-7AF9-4317-977D-52256B06EE4B}.Release|x86.ActiveCfg = Release|Any CPU
		{BC7F0A51-7AF9-4317-977D-52256B06EE4B}.Release|x86.Build.0 = Release|Any CPU
		{A47AC943-F488-4E56-9AE7-A48C10D30FF5}.Debug|x64.ActiveCfg = Debug|x64
		{A47AC943-F488-4E56-9AE7-A48C10D30FF5}.Debug|x64.Build.0 = Debug|x64
		{A47AC943-F488-4E56-9AE7-A48C10D30FF5}.Debug|x86.ActiveCfg = Debug|Win32
		{A47AC943-F488-4E56-9AE7-A48C10D30FF5}.Debug|x86.Build.0 = Debug|Win32
		{A47AC943-F488-4E56-9AE7-A48C10D30FF5}.Release|x64.ActiveCfg = Release|x64
		{A47AC943-F488-4E56-9AE7-A48C10D30FF5}.Release|x64.Build.0 = Release|x64
		{A47AC943-F488-4E56-9AE7-A48C10D30FF5}.Release|x86.ActiveCfg = Release|Win32
		{A47AC943-F488-4E56-9AE7-A48C10D30FF5}.Release|x86.Build.0 = Release|Win32
		{0D15D0FB-2519-4BC9-8D9C-21AF2D0B9BF8}.Debug|x64.ActiveCfg = Debug|Any CPU
		{0D15D0FB-2519-4BC9-8D9C-21AF2D0B9BF8}.Debug|x64.Build.0 = Debug|Any CPU
		{0D15D0FB-2519-4BC9-8D9C-21AF2D0B9BF8}.Debug|x86.ActiveCfg = Debug|Any CPU
		{0D15D0FB-2519-4BC9-8D9C-21AF2D0B9BF8}.Debug|x86.Build.0 = Debug|Any CPU
		{0D15D0FB-2519-4BC9-8D9C-21AF2D0B9BF8}.Release|x64.ActiveCfg = Release|Any CPU
		{0D15D0FB-2519-4BC9-8D9C-21AF2D0B9BF8}.Release|x64.Build.0 = Release|Any CPU
		{0D15D0FB-2519-4BC9-8D9C-21AF2D0B9BF8}.Release|x86.ActiveCfg = Release|Any CPU
		{0D15D0FB-2519-4BC9-8D9C-21AF2D0B9BF8}.Release|x86.Build.0 = Release|Any CPU
		{AE762EC3-458A-4D43-A0FB-78E7A00C104D}.Debug|x64.ActiveCfg = Debug|Any CPU
		{AE762EC3-458A-4D43-A0FB-78E7A00C104D}.Debug|x64.Build.0 = Debug|Any CPU
		{AE762EC3-458A-4D43-A0FB-78E7A00C104D}.Debug|x86.ActiveCfg = Debug|Any CPU
		{AE762EC3-458A-4D43-A0FB-78E7A00C104D}.Debug|x86.Build.0 = Debug|Any CPU
		{AE762EC3-458A-4D43-A0FB-78E7A00C104D}.Release|x64.ActiveCfg = Release|Any CPU
		{AE762EC3-458A-4D43-A0FB-78E7A00C104D}.Release|x64.Build.0 = Release|Any CPU
		{AE762EC3-458A-4D43-A0FB-78E7A00C104D}.Release|x86.ActiveCfg = Release|Any CPU
		{AE762EC3-458A-4D43-A0FB-78E7A00C104D}.Release|x86.Build.0 = Release|Any CPU
		{19BB1F20-7C02-4973-841A-30FF7A50861C}.Debug|x64.ActiveCfg = Debug|Any CPU
		{19BB1F20-7C02-4973-841A-30FF7A50861C}.Debug|x64.Build.0 = Debug|Any CPU
		{19BB1F20-7C02-4973-841A-30FF7A50861C}.Debug|x86.ActiveCfg = Debug|Any CPU
		{19BB1F20-7C02-4973-841A-30FF7A50861C}.Debug|x86.Build.0 = Debug|Any CPU
		{19BB1F20-7C02-4973-841A-30FF7A50861C}.Release|x64.ActiveCfg = Release|Any CPU
		{19BB1F20-7C02-4973-841A-30FF7A50861C}.Release|x64.Build.0 = Release|Any CPU
		{19BB1F20-7C02-4973-841A-30FF7A50861C}.Release|x86.ActiveCfg = Release|Any CPU
		{19BB1F20-7C02-4973-841A-30FF7A50861C}.Release|x86.Build.0 = Release|Any CPU
		{6019F4A1-A799-476C-9814-7DBDD1E51BB1}.Debug|x64.ActiveCfg = Debug|Any CPU
		{6019F4A1-A799-476C-9814-7DBDD1E51BB1}.Debug|x64.Build.0 = Debug|Any CPU
		{6019F4A1-A799-476C-9814-7DBDD1E51BB1}.Debug|x86.ActiveCfg = Debug|Any CPU
		{6019F4A1-A799-476C-9814-7DBDD1E51BB1}.Debug|x86.Build.0 = Debug|Any CPU
		{6019F4A1-A799-476C-9814-7DBDD1E51BB1}.Release|x64.ActiveCfg = Release|Any CPU
		{6019F4A1-A799-476C-9814-7DBDD1E51BB1}.Release|x64.Build.0 = Release|Any CPU
		{6019F4A1-A799-476C-9814-7DBDD1E51BB1}.Release|x86.ActiveCfg = Release|Any CPU
		{6019F4A1-A799-476C-9814-7DBDD1E51BB1}.Release|x86.Build.0 = Release|Any CPU
		{F0D1E1B8-F016-462C-943F-14FBAF92BB5D}.Debug|x64.ActiveCfg = Debug|Any CPU
		{F0D1E1B8-F016-462C-943F-14FBAF92BB5D}.Debug|x64.Build.0 = Debug|Any CPU
		{F0D1E1B8-F016-462C-943F-14FBAF92BB5D}.Debug|x86.ActiveCfg = Debug|Any CPU
		{F0D1E1B8-F016-462C-943F-14FBAF92BB5D}.Debug|x86.Build.0 = Debug|Any CPU
		{F0D1E1B8-F016-462C-943F-14FBAF92BB5D}.Release|x64.ActiveCfg = Release|Any CPU
		{F0D1E1B8-F016-462C-943F-14FBAF92BB5D}.Release|x64.Build.0 = Release|Any CPU
		{F0D1E1B8-F016-462C-943F-14FBAF92BB5D}.Release|x86.ActiveCfg = Release|Any CPU
		{F0D1E1B8-F016-462C-943F-14FBAF92BB5D}.Release|x86.Build.0 = Release|Any CPU
		{2FF42CE3-5C62-4973-967B-322C14A53F72}.Debug|x64.ActiveCfg = Debug|Any CPU
		{2FF42CE3-5C62-4973-967B-322C14A53F72}.Debug|x64.Build.0 = Debug|Any CPU
		{2FF42CE3-5C62-4973-967B-322C14A53F72}.Debug|x86.ActiveCfg = Debug|Any CPU
		{2FF42CE3-5C62-4973-967B-322C14A53F72}.Debug|x86.Build.0 = Debug|Any CPU
		{2FF42CE3-5C62-4973-967B-322C14A53F72}.Release|x64.ActiveCfg = Release|Any CPU
		{2FF42CE3-5C62-4973-967B-322C14A53F72}.Release|x64.Build.0 = Release|Any CPU
		{2FF42CE3-5C62-4973-967B-322C14A53F72}.Release|x86.ActiveCfg = Release|Any CPU
		{2FF42CE3-5C62-4973-967B-322C14A53F72}.Release|x86.Build.0 = Release|Any CPU
		{B5A5CB45-F26C-4BE0-ACFB-2FE6D8B8C35D}.Debug|x64.ActiveCfg = Debug|Any CPU
		{B5A5CB45-F26C-4BE0-ACFB-2FE6D8B8C35D}.Debug|x64.Build.0 = Debug|Any CPU
		{B5A5CB45-F26C-4BE0-ACFB-2FE6D8B8C35D}.Debug|x86.ActiveCfg = Debug|Any CPU
		{B5A5CB45-F26C-4BE0-ACFB-2FE6D8B8C35D}.Debug|x86.Build.0 = Debug|Any CPU
		{B5A5CB45-F26C-4BE0-ACFB-2FE6D8B8C35D}.Release|x64.ActiveCfg = Release|Any CPU
		{B5A5CB45-F26C-4BE0-ACFB-2FE6D8B8C35D}.Release|x64.Build.0 = Release|Any CPU
		{B5A5CB45-F26C-4BE0-ACFB-2FE6D8B8C35D}.Release|x86.ActiveCfg = Release|Any CPU
		{B5A5CB45-F26C-4BE0-ACFB-2FE6D8B8C35D}.Release|x86.Build.0 = Release|Any CPU
		{CD012A3B-9E11-4844-886F-B5236F45D34C}.Debug|x64.ActiveCfg = Debug|Any CPU
		{CD012A3B-9E11-4844-886F-B5236F45D34C}.Debug|x64.Build.0 = Debug|Any CPU
		{CD012A3B-9E11-4844-886F-B5236F45D34C}.Debug|x86.ActiveCfg = Debug|Any CPU
		{CD012A3B-9E11-4844-886F-B5236F45D34C}.Debug|x86.Build.0 = Debug|Any CPU
		{CD012A3B-9E11-4844-886F-B5236F45D34C}.Release|x64.ActiveCfg = Release|Any CPU
		{CD012A3B-9E11-4844-886F-B5236F45D34C}.Release|x64.Build.0 = Release|Any CPU
		{CD012A3B-9E11-4844-886F-B5236F45D34C}.Release|x86.ActiveCfg = Release|Any CPU
		{CD012A3B-9E11-4844-886F-B5236F45D34C}.Release|x86.Build.0 = Release|Any CPU
		{13711E46-766A-4E68-838E-6834FC5FEB27}.Debug|x64.ActiveCfg = Debug|Any CPU
		{13711E46-766A-4E68-838E-6834FC5FEB27}.Debug|x64.Build.0 = Debug|Any CPU
		{13711E46-766A-4E68-838E-6834FC5FEB27}.Debug|x86.ActiveCfg = Debug|Any CPU
		{13711E46-766A-4E68-838E-6834FC5FEB27}.Debug|x86.Build.0 = Debug|Any CPU
		{13711E46-766A-4E68-838E-6834FC5FEB27}.Release|x64.ActiveCfg = Release|Any CPU
		{13711E46-766A-4E68-838E-6834FC5FEB27}.Release|x64.Build.0 = Release|Any CPU
		{13711E46-766A-4E68-838E-6834FC5FEB27}.Release|x86.ActiveCfg = Release|Any CPU
		{13711E46-766A-4E68-838E-6834FC5FEB27}.Release|x86.Build.0 = Release|Any CPU
		{271DC246-A35D-42D6-8594-4588B54F8852}.Debug|x64.ActiveCfg = Debug|Any CPU
		{271DC246-A35D-42D6-8594-4588B54F8852}.Debug|x64.Build.0 = Debug|Any CPU
		{271DC246-A35D-42D6-8594-4588B54F8852}.Debug|x86.ActiveCfg = Debug|Any CPU
		{271DC246-A35D-42D6-8594-4588B54F8852}.Debug|x86.Build.0 = Debug|Any CPU
		{271DC246-A35D-42D6-8594-4588B54F8852}.Release|x64.ActiveCfg = Release|Any CPU
		{271DC246-A35D-42D6-8594-4588B54F8852}.Release|x64.Build.0 = Release|Any CPU
		{271DC246-A35D-42D6-8594-4588B54F8852}.Release|x86.ActiveCfg = Release|Any CPU
		{271DC246-A35D-42D6-8594-4588B54F8852}.Release|x86.Build.0 = Release|Any CPU
		{8BBCF350-DE0A-4804-9296-0465AF443903}.Debug|x64.ActiveCfg = Debug|Any CPU
		{8BBCF350-DE0A-4804-9296-0465AF443903}.Debug|x64.Build.0 = Debug|Any CPU
		{8BBCF350-DE0A-4804-9296-0465AF443903}.Debug|x86.ActiveCfg = Debug|Any CPU
		{8BBCF350-DE0A-4804-9296-0465AF443903}.Debug|x86.Build.0 = Debug|Any CPU
		{8BBCF350-DE0A-4804-9296-0465AF443903}.Release|x64.ActiveCfg = Release|Any CPU
		{8BBCF350-DE0A-4804-9296-0465AF443903}.Release|x64.Build.0 = Release|Any CPU
		{8BBCF350-DE0A-4804-9296-0465AF443903}.Release|x86.ActiveCfg = Release|Any CPU
		{8BBCF350-DE0A-4804-9296-0465AF443903}.Release|x86.Build.0 = Release|Any CPU
		{3985CF1F-4229-44DF-A382-D18872EC4E36}.Debug|x64.ActiveCfg = Debug|x64
		{3985CF1F-4229-44DF-A382-D18872EC4E36}.Debug|x64.Build.0 = Debug|x64
		{3985CF1F-4229-44DF-A382-D18872EC4E36}.Debug|x86.ActiveCfg = Debug|Win32
		{3985CF1F-4229-44DF-A382-D18872EC4E36}.Debug|x86.Build.0 = Debug|Win32
		{3985CF1F-4229-44DF-A382-D18872EC4E36}.Release|x64.ActiveCfg = Release|x64
		{3985CF1F-4229-44DF-A382-D18872EC4E36}.Release|x64.Build.0 = Release|x64
		{3985CF1F-4229-44DF-A382-D18872EC4E36}.Release|x86.ActiveCfg = Release|Win32
		{3985CF1F-4229-44DF-A382-D18872EC4E36}.Release|x86.Build.0 = Release|Win32
		{6A8A5960-DC0F-431F-B452-C77457F6E615}.Debug|x64.ActiveCfg = Debug|x64
		{6A8A5960-DC0F-431F-B452-C77457F6E615}.Debug|x64.Build.0 = Debug|x64
		{6A8A5960-DC0F-431F-B452-C77457F6E615}.Debug|x86.ActiveCfg = Debug|Win32
		{6A8A5960-DC0F-431F-B452-C77457F6E615}.Debug|x86.Build.0 = Debug|Win32
		{6A8A5960-DC0F-431F-B452-C77457F6E615}.Release|x64.ActiveCfg = Release|x64
		{6A8A5960-DC0F-431F-B452-C77457F6E615}.Release|x64.Build.0 = Release|x64
		{6A8A5960-DC0F-431F-B452-C77457F6E615}.Release|x86.ActiveCfg = Release|Win32
		{6A8A5960-DC0F-431F-B452-C77457F6E615}.Release|x86.Build.0 = Release|Win32
		{EF6F9D19-06CE-4763-B083-84227DC36407}.Debug|x64.ActiveCfg = Debug|x64
		{EF6F9D19-06CE-4763-B083-84227DC36407}.Debug|x64.Build.0 = Debug|x64
		{EF6F9D19-06CE-4763-B083-84227DC36407}.Debug|x86.ActiveCfg = Debug|Win32
		{EF6F9D19-06CE-4763-B083-84227DC36407}.Debug|x86.Build.0 = Debug|Win32
		{EF6F9D19-06CE-4763-B083-84227DC36407}.Release|x64.ActiveCfg = Release|x64
		{EF6F9D19-06CE-4763-B083-84227DC36407}.Release|x64.Build.0 = Release|x64
		{EF6F9D19-06CE-4763-B083-84227DC36407}.Release|x86.ActiveCfg = Release|Win32
		{EF6F9D19-06CE-4763-B083-84227DC36407}.Release|x86.Build.0 = Release|Win32
		{55937D1B-4641-4CA2-9398-52865CB2E3B4}.Debug|x64.ActiveCfg = Debug|x64
		{55937D1B-4641-4CA2-9398-52865CB2E3B4}.Debug|x64.Build.0 = Debug|x64
		{55937D1B-4641-4CA2-9398-52865CB2E3B4}.Debug|x86.ActiveCfg = Debug|Win32
		{55937D1B-4641-4CA2-9398-52865CB2E3B4}.Debug|x86.Build.0 = Debug|Win32
		{55937D1B-4641-4CA2-9398-52865CB2E3B4}.Release|x64.ActiveCfg = Release|x64
		{55937D1B-4641-4CA2-9398-52865CB2E3B4}.Release|x64.Build.0 = Release|x64
		{55937D1B-4641-4CA2-9398-52865CB2E3B4}.Release|x86.ActiveCfg = Release|Win32
		{55937D1B-4641-4CA2-9398-52865CB2E3B4}.Release|x86.Build.0 = Release|Win32
		{06EFCAFA-AE66-473A-ADFF-24EB37C5B466}.Debug|x64.ActiveCfg = Debug|x64
		{06EFCAFA-AE66-473A-ADFF-24EB37C5B466}.Debug|x64.Build.0 = Debug|x64
		{06EFCAFA-AE66-473A-ADFF-24EB37C5B466}.Debug|x86.ActiveCfg = Debug|Win32
		{06EFCAFA-AE66-473A-ADFF-24EB37C5B466}.Debug|x86.Build.0 = Debug|Win32
		{06EFCAFA-AE66-473A-ADFF-24EB37C5B466}.Release|x64.ActiveCfg = Release|x64
		{06EFCAFA-AE66-473A-ADFF-24EB37C5B466}.Release|x64.Build.0 = Release|x64
		{06EFCAFA-AE66-473A-ADFF-24EB37C5B466}.Release|x86.ActiveCfg = Release|Win32
		{06EFCAFA-AE66-473A-ADFF-24EB37C5B466}.Release|x86.Build.0 = Release|Win32
		{170059C9-FBA2-457D-875B-DD2CF49190B4}.Debug|x64.ActiveCfg = Debug|x64
		{170059C9-FBA2-457D-875B-DD2CF49190B4}.Debug|x64.Build.0 = Debug|x64
		{170059C9-FBA2-457D-875B-DD2CF49190B4}.Debug|x86.ActiveCfg = Debug|Win32
		{170059C9-FBA2-457D-875B-DD2CF49190B4}.Debug|x86.Build.0 = Debug|Win32
		{170059C9-FBA2-457D-875B-DD2CF49190B4}.Release|x64.ActiveCfg = Release|x64
		{170059C9-FBA2-457D-875B-DD2CF49190B4}.Release|x64.Build.0 = Release|x64
		{170059C9-FBA2-457D-875B-DD2CF49190B4}.Release|x86.ActiveCfg = Release|Win32
		{170059C9-FBA2-457D-875B-DD2CF49190B4}.Release|x86.Build.0 = Release|Win32
		{48DF89C1-08D1-4D58-BFAD-CD507FDC728C}.Debug|x64.ActiveCfg = Debug|x64
		{48DF89C1-08D1-4D58-BFAD-CD507FDC728C}.Debug|x64.Build.0 = Debug|x64
		{48DF89C1-08D1-4D58-BFAD-CD507FDC728C}.Debug|x86.ActiveCfg = Debug|Win32
		{48DF89C1-08D1-4D58-BFAD-CD507FDC728C}.Debug|x86.Build.0 = Debug|Win32
		{48DF89C1-08D1-4D58-BFAD-CD507FDC728C}.Release|x64.ActiveCfg = Release|x64
		{48DF89C1-08D1-4D58-BFAD-CD507FDC728C}.Release|x64.Build.0 = Release|x64
		{48DF89C1-08D1-4D58-BFAD-CD507FDC728C}.Release|x86.ActiveCfg = Release|Win32
		{48DF89C1-08D1-4D58-BFAD-CD507FDC728C}.Release|x86.Build.0 = Release|Win32
		{284FCF64-3BC9-473A-953A-CEFF1F555E0D}.Debug|x64.ActiveCfg = Debug|x64
		{284FCF64-3BC9-473A-953A-CEFF1F555E0D}.Debug|x64.Build.0 = Debug|x64
		{284FCF64-3BC9-473A-953A-CEFF1F555E0D}.Debug|x86.ActiveCfg = Debug|Win32
		{284FCF64-3BC9-473A-953A-CEFF1F555E0D}.Debug|x86.Build.0 = Debug|Win32
		{284FCF64-3BC9-473A-953A-CEFF1F555E0D}.Release|x64.ActiveCfg = Release|x64
		{284FCF64-3BC9-473A-953A-CEFF1F555E0D}.Release|x64.Build.0 = Release|x64
		{284FCF64-3BC9-473A-953A-CEFF1F555E0D}.Release|x86.ActiveCfg = Release|Win32
		{284FCF64-3BC9-473A-953A-CEFF1F555E0D}.Release|x86.Build.0 = Release|Win32
		{295D58ED-08DF-4383-9349-0F11106F8C3B}.Debug|x64.ActiveCfg = Debug|x64
		{295D58ED-08DF-4383-9349-0F11106F8C3B}.Debug|x64.Build.0 = Debug|x64
		{295D58ED-08DF-4383-9349-0F11106F8C3B}.Debug|x86.ActiveCfg = Debug|Win32
		{295D58ED-08DF-4383-9349-0F11106F8C3B}.Debug|x86.Build.0 = Debug|Win32
		{295D58ED-08DF-4383-9349-0F11106F8C3B}.Release|x64.ActiveCfg = Release|x64
		{295D58ED-08DF-4383-9349-0F11106F8C3B}.Release|x64.Build.0 = Release|x64
		{295D58ED-08DF-4383-9349-0F11106F8C3B}.Release|x86.ActiveCfg = Release|Win32
		{295D58ED-08DF-4383-9349-0F11106F8C3B}.Release|x86.Build.0 = Release|Win32
		{F02A72CD-1035-467C-A379-C52212E2C538}.Debug|x64.ActiveCfg = Debug|x64
		{F02A72CD-1035-467C-A379-C52212E2C538}.Debug|x64.Build.0 = Debug|x64
		{F02A72CD-1035-467C-A379-C52212E2C538}.Debug|x86.ActiveCfg = Debug|Win32
		{F02A72CD-1035-467C-A379-C52212E2C538}.Debug|x86.Build.0 = Debug|Win32
		{F02A72CD-1035-467C-A379-C52212E2C538}.Release|x64.ActiveCfg = Release|x64
		{F02A72CD-1035-467C-A379-C52212E2C538}.Release|x64.Build.0 = Release|x64
		{F02A72CD-1035-467C-A379-C52212E2C538}.Release|x86.ActiveCfg = Release|Win32
		{F02A72CD-1035-467C-A379-C52212E2C538}.Release|x86.Build.0 = Release|Win32
	EndGlobalSection
	GlobalSection(SolutionProperties) = preSolution
		HideSolutionNode = FALSE
	EndGlobalSection
	GlobalSection(NestedProjects) = preSolution
		{BC7F0A51-7AF9-4317-977D-52256B06EE4B} = {DDB4EF12-CC4E-5E88-E6FC-71A802F4DE97}
		{A47AC943-F488-4E56-9AE7-A48C10D30FF5} = {DDB4EF12-CC4E-5E88-E6FC-71A802F4DE97}
		{0D15D0FB-2519-4BC9-8D9C-21AF2D0B9BF8} = {DDB4EF12-CC4E-5E88-E6FC-71A802F4DE97}
		{AE762EC3-458A-4D43-A0FB-78E7A00C104D} = {DDB4EF12-CC4E-5E88-E6FC-71A802F4DE97}
		{19BB1F20-7C02-4973-841A-30FF7A50861C} = {DDB4EF12-CC4E-5E88-E6FC-71A802F4DE97}
		{6019F4A1-A799-476C-9814-7DBDD1E51BB1} = {DDB4EF12-CC4E-5E88-E6FC-71A802F4DE97}
		{F0D1E1B8-F016-462C-943F-14FBAF92BB5D} = {DDB4EF12-CC4E-5E88-E6FC-71A802F4DE97}
		{2FF42CE3-5C62-4973-967B-322C14A53F72} = {DDB4EF12-CC4E-5E88-E6FC-71A802F4DE97}
		{B5A5CB45-F26C-4BE0-ACFB-2FE6D8B8C35D} = {DDB4EF12-CC4E-5E88-E6FC-71A802F4DE97}
		{CD012A3B-9E11-4844-886F-B5236F45D34C} = {DDB4EF12-CC4E-5E88-E6FC-71A802F4DE97}
		{13711E46-766A-4E68-838E-6834FC5FEB27} = {DDB4EF12-CC4E-5E88-E6FC-71A802F4DE97}
		{271DC246-A35D-42D6-8594-4588B54F8852} = {DDB4EF12-CC4E-5E88-E6FC-71A802F4DE97}
		{8BBCF350-DE0A-4804-9296-0465AF443903} = {DDB4EF12-CC4E-5E88-E6FC-71A802F4DE97}
		{3985CF1F-4229-44DF-A382-D18872EC4E36} = {DDB4EF12-CC4E-5E88-E6FC-71A802F4DE97}
		{6A8A5960-DC0F-431F-B452-C77457F6E615} = {DDB4EF12-CC4E-5E88-E6FC-71A802F4DE97}
		{EF6F9D19-06CE-4763-B083-84227DC36407} = {DDB4EF12-CC4E-5E88-E6FC-71A802F4DE97}
		{55937D1B-4641-4CA2-9398-52865CB2E3B4} = {DDB4EF12-CC4E-5E88-E6FC-71A802F4DE97}
		{06EFCAFA-AE66-473A-ADFF-24EB37C5B466} = {DDB4EF12-CC4E-5E88-E6FC-71A802F4DE97}
		{170059C9-FBA2-457D-875B-DD2CF49190B4} = {DDB4EF12-CC4E-5E88-E6FC-71A802F4DE97}
		{48DF89C1-08D1-4D58-BFAD-CD507FDC728C} = {DDB4EF12-CC4E-5E88-E6FC-71A802F4DE97}
		{284FCF64-3BC9-473A-953A-CEFF1F555E0D} = {DDB4EF12-CC4E-5E88-E6FC-71A802F4DE97}
		{295D58ED-08DF-4383-9349-0F11106F8C3B} = {DDB4EF12-CC4E-5E88-E6FC-71A802F4DE97}
	EndGlobalSection
	GlobalSection(ExtensibilityGlobals) = postSolution
		SolutionGuid = {79E2BEFE-19BE-4314-8998-0FF61DFCCC2F}
	EndGlobalSection
EndGlobal
